
Microsoft Visual Studio Solution File, Format Version 12.00
# Visual Studio Version 16
VisualStudioVersion = 16.0.30320.27
MinimumVisualStudioVersion = 10.0.40219.1
Project("{FAE04EC0-301F-11D3-BF4B-00C04F79EFBC}") = "BilgeAdam.AdoNet.ConsoleApp", "BilgeAdam.AdoNet.ConsoleApp\BilgeAdam.AdoNet.ConsoleApp.csproj", "{975803B1-2D96-4F96-B8DC-A17B8D6E7478}"
EndProject
Project("{FAE04EC0-301F-11D3-BF4B-00C04F79EFBC}") = "BilgeAdam.AdoNet.FormApp", "BilgeAdam.AdoNet.FormApp\BilgeAdam.AdoNet.FormApp.csproj", "{20912FE9-9550-4109-BC28-2273F36EC1C8}"
EndProject
Global
	GlobalSection(SolutionConfigurationPlatforms) = preSolution
		Debug|Any CPU = Debug|Any CPU
		Release|Any CPU = Release|Any CPU
	EndGlobalSection
	GlobalSection(ProjectConfigurationPlatforms) = postSolution
		{975803B1-2D96-4F96-B8DC-A17B8D6E7478}.Debug|Any CPU.ActiveCfg = Debug|Any CPU
		{975803B1-2D96-4F96-B8DC-A17B8D6E7478}.Debug|Any CPU.Build.0 = Debug|Any CPU
		{975803B1-2D96-4F96-B8DC-A17B8D6E7478}.Release|Any CPU.ActiveCfg = Release|Any CPU
		{975803B1-2D96-4F96-B8DC-A17B8D6E7478}.Release|Any CPU.Build.0 = Release|Any CPU
		{20912FE9-9550-4109-BC28-2273F36EC1C8}.Debug|Any CPU.ActiveCfg = Debug|Any CPU
		{20912FE9-9550-4109-BC28-2273F36EC1C8}.Debug|Any CPU.Build.0 = Debug|Any CPU
		{20912FE9-9550-4109-BC28-2273F36EC1C8}.Release|Any CPU.ActiveCfg = Release|Any CPU
		{20912FE9-9550-4109-BC28-2273F36EC1C8}.Release|Any CPU.Build.0 = Release|Any CPU
	EndGlobalSection
	GlobalSection(SolutionProperties) = preSolution
		HideSolutionNode = FALSE
	EndGlobalSection
	GlobalSection(ExtensibilityGlobals) = postSolution
		SolutionGuid = {034824A2-179E-4386-8608-31CB3BF83A5F}
	EndGlobalSection
EndGlobal
